
Microsoft Visual Studio Solution File, Format Version 12.00
# Visual Studio Version 16
VisualStudioVersion = 16.0.29102.190
MinimumVisualStudioVersion = 10.0.40219.1
Project("{9A19103F-16F7-4668-BE54-9A1E7A4F7556}") = "CSharp-Katas", "CSharp-Katas\CSharp-Katas.csproj", "{07622168-D3C1-4909-B5D0-F89356A0ED1A}"
EndProject
Project("{FAE04EC0-301F-11D3-BF4B-00C04F79EFBC}") = "CSharp-Katas-Tests", "CSharp-Katas-Tests\CSharp-Katas-Tests.csproj", "{FF114A1A-9A56-4938-86D6-BB380390450D}"
EndProject
Global
	GlobalSection(SolutionConfigurationPlatforms) = preSolution
		Debug|Any CPU = Debug|Any CPU
		Release|Any CPU = Release|Any CPU
	EndGlobalSection
	GlobalSection(ProjectConfigurationPlatforms) = postSolution
		{07622168-D3C1-4909-B5D0-F89356A0ED1A}.Debug|Any CPU.ActiveCfg = Debug|Any CPU
		{07622168-D3C1-4909-B5D0-F89356A0ED1A}.Debug|Any CPU.Build.0 = Debug|Any CPU
		{07622168-D3C1-4909-B5D0-F89356A0ED1A}.Release|Any CPU.ActiveCfg = Release|Any CPU
		{07622168-D3C1-4909-B5D0-F89356A0ED1A}.Release|Any CPU.Build.0 = Release|Any CPU
		{FF114A1A-9A56-4938-86D6-BB380390450D}.Debug|Any CPU.ActiveCfg = Debug|Any CPU
		{FF114A1A-9A56-4938-86D6-BB380390450D}.Debug|Any CPU.Build.0 = Debug|Any CPU
		{FF114A1A-9A56-4938-86D6-BB380390450D}.Release|Any CPU.ActiveCfg = Release|Any CPU
		{FF114A1A-9A56-4938-86D6-BB380390450D}.Release|Any CPU.Build.0 = Release|Any CPU
	EndGlobalSection
	GlobalSection(SolutionProperties) = preSolution
		HideSolutionNode = FALSE
	EndGlobalSection
	GlobalSection(ExtensibilityGlobals) = postSolution
		SolutionGuid = {F5507F2C-1422-4C27-B767-FDBBBA5F3A33}
	EndGlobalSection
EndGlobal
